
Microsoft Visual Studio Solution File, Format Version 12.00
# Visual Studio Version 16
VisualStudioVersion = 16.0.32228.343
MinimumVisualStudioVersion = 10.0.40219.1
Project("{2150E333-8FDC-42A3-9474-1A3956D46DE8}") = "Sample", "Sample", "{C0AF9073-447D-4CFF-8D38-08FAC4CE01D4}"
EndProject
Project("{FAE04EC0-301F-11D3-BF4B-00C04F79EFBC}") = "ConsoleApp0411", "Sample\ConsoleApp0411\ConsoleApp0411.csproj", "{63279DA5-34A5-4791-BDA7-CF4CEE730EED}"
EndProject
Project("{FAE04EC0-301F-11D3-BF4B-00C04F79EFBC}") = "WindowsFormsApp1", "Sample\WindowsFormsApp1\WindowsFormsApp1.csproj", "{31C44427-E1E3-4614-9A80-65151556E2E2}"
EndProject
Project("{FAE04EC0-301F-11D3-BF4B-00C04F79EFBC}") = "BallApp", "Sample\BallApp\BallApp.csproj", "{6E12030E-606E-4949-BFAC-5A5A1F94E75E}"
EndProject
Project("{2150E333-8FDC-42A3-9474-1A3956D46DE8}") = "Chapter01", "Chapter01", "{998AE458-1EF8-43B6-9601-7A38B68C7521}"
EndProject
Project("{FAE04EC0-301F-11D3-BF4B-00C04F79EFBC}") = "ProductSample", "Chapter01\Product\ProductSample.csproj", "{C41E5EBB-D74D-43A5-8281-FF3064F28ABF}"
EndProject
Project("{2150E333-8FDC-42A3-9474-1A3956D46DE8}") = "Chapter02", "Chapter02", "{587309DF-4AAA-4404-8157-D10C1711FBBE}"
EndProject
Project("{2150E333-8FDC-42A3-9474-1A3956D46DE8}") = "距離換算プログラム", "距離換算プログラム", "{0B133267-BD00-4B33-9A4A-514757F21BD1}"
EndProject
Project("{FAE04EC0-301F-11D3-BF4B-00C04F79EFBC}") = "DistanceConverter", "Chapter02\距離換算プログラム\DistanceConverter\DistanceConverter.csproj", "{1DBB7B9E-9CD3-4134-B8BC-471D68F443B7}"
EndProject
Project("{2150E333-8FDC-42A3-9474-1A3956D46DE8}") = "売上集計プログラム", "売上集計プログラム", "{C0EC63B5-329F-4A95-A5F1-2B2892F91652}"
EndProject
Project("{FAE04EC0-301F-11D3-BF4B-00C04F79EFBC}") = "SalesCalculator", "Chapter02\売上集計プログラム\SalesCalculator\SalesCalculator.csproj", "{46375A41-6C98-47C7-9F89-79F58FF71E00}"
EndProject
Project("{2150E333-8FDC-42A3-9474-1A3956D46DE8}") = "演習問題", "演習問題", "{42E63C81-607A-417C-9E0B-BF654D02F945}"
EndProject
Project("{FAE04EC0-301F-11D3-BF4B-00C04F79EFBC}") = "Exercise03", "Chapter02\演習問題\Exercise03\Exercise03.csproj", "{867D2FC6-21FF-49AD-839C-CD871B3EB559}"
EndProject
Global
	GlobalSection(SolutionConfigurationPlatforms) = preSolution
		Debug|Any CPU = Debug|Any CPU
		Release|Any CPU = Release|Any CPU
	EndGlobalSection
	GlobalSection(ProjectConfigurationPlatforms) = postSolution
		{63279DA5-34A5-4791-BDA7-CF4CEE730EED}.Debug|Any CPU.ActiveCfg = Debug|Any CPU
		{63279DA5-34A5-4791-BDA7-CF4CEE730EED}.Debug|Any CPU.Build.0 = Debug|Any CPU
		{63279DA5-34A5-4791-BDA7-CF4CEE730EED}.Release|Any CPU.ActiveCfg = Release|Any CPU
		{63279DA5-34A5-4791-BDA7-CF4CEE730EED}.Release|Any CPU.Build.0 = Release|Any CPU
		{31C44427-E1E3-4614-9A80-65151556E2E2}.Debug|Any CPU.ActiveCfg = Debug|Any CPU
		{31C44427-E1E3-4614-9A80-65151556E2E2}.Debug|Any CPU.Build.0 = Debug|Any CPU
		{31C44427-E1E3-4614-9A80-65151556E2E2}.Release|Any CPU.ActiveCfg = Release|Any CPU
		{31C44427-E1E3-4614-9A80-65151556E2E2}.Release|Any CPU.Build.0 = Release|Any CPU
		{6E12030E-606E-4949-BFAC-5A5A1F94E75E}.Debug|Any CPU.ActiveCfg = Debug|Any CPU
		{6E12030E-606E-4949-BFAC-5A5A1F94E75E}.Debug|Any CPU.Build.0 = Debug|Any CPU
		{6E12030E-606E-4949-BFAC-5A5A1F94E75E}.Release|Any CPU.ActiveCfg = Release|Any CPU
		{6E12030E-606E-4949-BFAC-5A5A1F94E75E}.Release|Any CPU.Build.0 = Release|Any CPU
		{C41E5EBB-D74D-43A5-8281-FF3064F28ABF}.Debug|Any CPU.ActiveCfg = Debug|Any CPU
		{C41E5EBB-D74D-43A5-8281-FF3064F28ABF}.Debug|Any CPU.Build.0 = Debug|Any CPU
		{C41E5EBB-D74D-43A5-8281-FF3064F28ABF}.Release|Any CPU.ActiveCfg = Release|Any CPU
		{C41E5EBB-D74D-43A5-8281-FF3064F28ABF}.Release|Any CPU.Build.0 = Release|Any CPU
		{1DBB7B9E-9CD3-4134-B8BC-471D68F443B7}.Debug|Any CPU.ActiveCfg = Debug|Any CPU
		{1DBB7B9E-9CD3-4134-B8BC-471D68F443B7}.Debug|Any CPU.Build.0 = Debug|Any CPU
		{1DBB7B9E-9CD3-4134-B8BC-471D68F443B7}.Release|Any CPU.ActiveCfg = Release|Any CPU
		{1DBB7B9E-9CD3-4134-B8BC-471D68F443B7}.Release|Any CPU.Build.0 = Release|Any CPU
		{46375A41-6C98-47C7-9F89-79F58FF71E00}.Debug|Any CPU.ActiveCfg = Debug|Any CPU
		{46375A41-6C98-47C7-9F89-79F58FF71E00}.Debug|Any CPU.Build.0 = Debug|Any CPU
		{46375A41-6C98-47C7-9F89-79F58FF71E00}.Release|Any CPU.ActiveCfg = Release|Any CPU
		{46375A41-6C98-47C7-9F89-79F58FF71E00}.Release|Any CPU.Build.0 = Release|Any CPU
		{867D2FC6-21FF-49AD-839C-CD871B3EB559}.Debug|Any CPU.ActiveCfg = Debug|Any CPU
		{867D2FC6-21FF-49AD-839C-CD871B3EB559}.Debug|Any CPU.Build.0 = Debug|Any CPU
		{867D2FC6-21FF-49AD-839C-CD871B3EB559}.Release|Any CPU.ActiveCfg = Release|Any CPU
		{867D2FC6-21FF-49AD-839C-CD871B3EB559}.Release|Any CPU.Build.0 = Release|Any CPU
	EndGlobalSection
	GlobalSection(SolutionProperties) = preSolution
		HideSolutionNode = FALSE
	EndGlobalSection
	GlobalSection(NestedProjects) = preSolution
		{63279DA5-34A5-4791-BDA7-CF4CEE730EED} = {C0AF9073-447D-4CFF-8D38-08FAC4CE01D4}
		{31C44427-E1E3-4614-9A80-65151556E2E2} = {C0AF9073-447D-4CFF-8D38-08FAC4CE01D4}
		{6E12030E-606E-4949-BFAC-5A5A1F94E75E} = {C0AF9073-447D-4CFF-8D38-08FAC4CE01D4}
		{C41E5EBB-D74D-43A5-8281-FF3064F28ABF} = {998AE458-1EF8-43B6-9601-7A38B68C7521}
		{0B133267-BD00-4B33-9A4A-514757F21BD1} = {587309DF-4AAA-4404-8157-D10C1711FBBE}
		{1DBB7B9E-9CD3-4134-B8BC-471D68F443B7} = {0B133267-BD00-4B33-9A4A-514757F21BD1}
		{C0EC63B5-329F-4A95-A5F1-2B2892F91652} = {587309DF-4AAA-4404-8157-D10C1711FBBE}
		{46375A41-6C98-47C7-9F89-79F58FF71E00} = {C0EC63B5-329F-4A95-A5F1-2B2892F91652}
		{42E63C81-607A-417C-9E0B-BF654D02F945} = {587309DF-4AAA-4404-8157-D10C1711FBBE}
		{867D2FC6-21FF-49AD-839C-CD871B3EB559} = {42E63C81-607A-417C-9E0B-BF654D02F945}
	EndGlobalSection
	GlobalSection(ExtensibilityGlobals) = postSolution
		SolutionGuid = {2D3ABC1D-DAB8-4020-8607-9DA76DC617CE}
	EndGlobalSection
EndGlobal
