
Microsoft Visual Studio Solution File, Format Version 12.00
# Visual Studio Version 16
VisualStudioVersion = 16.0.32228.343
MinimumVisualStudioVersion = 10.0.40219.1
Project("{2150E333-8FDC-42A3-9474-1A3956D46DE8}") = "Sample", "Sample", "{C0AF9073-447D-4CFF-8D38-08FAC4CE01D4}"
EndProject
Project("{FAE04EC0-301F-11D3-BF4B-00C04F79EFBC}") = "ConsoleApp0411", "Sample\ConsoleApp0411\ConsoleApp0411.csproj", "{63279DA5-34A5-4791-BDA7-CF4CEE730EED}"
EndProject
Project("{FAE04EC0-301F-11D3-BF4B-00C04F79EFBC}") = "WindowsFormsApp1", "Sample\WindowsFormsApp1\WindowsFormsApp1.csproj", "{31C44427-E1E3-4614-9A80-65151556E2E2}"
EndProject
Project("{FAE04EC0-301F-11D3-BF4B-00C04F79EFBC}") = "BallApp", "Sample\BallApp\BallApp.csproj", "{6E12030E-606E-4949-BFAC-5A5A1F94E75E}"
EndProject
Project("{2150E333-8FDC-42A3-9474-1A3956D46DE8}") = "Chapter01", "Chapter01", "{998AE458-1EF8-43B6-9601-7A38B68C7521}"
EndProject
Project("{FAE04EC0-301F-11D3-BF4B-00C04F79EFBC}") = "ProductSample", "Chapter01\Product\ProductSample.csproj", "{C41E5EBB-D74D-43A5-8281-FF3064F28ABF}"
EndProject
Global
	GlobalSection(SolutionConfigurationPlatforms) = preSolution
		Debug|Any CPU = Debug|Any CPU
		Release|Any CPU = Release|Any CPU
	EndGlobalSection
	GlobalSection(ProjectConfigurationPlatforms) = postSolution
		{63279DA5-34A5-4791-BDA7-CF4CEE730EED}.Debug|Any CPU.ActiveCfg = Debug|Any CPU
		{63279DA5-34A5-4791-BDA7-CF4CEE730EED}.Debug|Any CPU.Build.0 = Debug|Any CPU
		{63279DA5-34A5-4791-BDA7-CF4CEE730EED}.Release|Any CPU.ActiveCfg = Release|Any CPU
		{63279DA5-34A5-4791-BDA7-CF4CEE730EED}.Release|Any CPU.Build.0 = Release|Any CPU
		{31C44427-E1E3-4614-9A80-65151556E2E2}.Debug|Any CPU.ActiveCfg = Debug|Any CPU
		{31C44427-E1E3-4614-9A80-65151556E2E2}.Debug|Any CPU.Build.0 = Debug|Any CPU
		{31C44427-E1E3-4614-9A80-65151556E2E2}.Release|Any CPU.ActiveCfg = Release|Any CPU
		{31C44427-E1E3-4614-9A80-65151556E2E2}.Release|Any CPU.Build.0 = Release|Any CPU
		{6E12030E-606E-4949-BFAC-5A5A1F94E75E}.Debug|Any CPU.ActiveCfg = Debug|Any CPU
		{6E12030E-606E-4949-BFAC-5A5A1F94E75E}.Debug|Any CPU.Build.0 = Debug|Any CPU
		{6E12030E-606E-4949-BFAC-5A5A1F94E75E}.Release|Any CPU.ActiveCfg = Release|Any CPU
		{6E12030E-606E-4949-BFAC-5A5A1F94E75E}.Release|Any CPU.Build.0 = Release|Any CPU
		{C41E5EBB-D74D-43A5-8281-FF3064F28ABF}.Debug|Any CPU.ActiveCfg = Debug|Any CPU
		{C41E5EBB-D74D-43A5-8281-FF3064F28ABF}.Debug|Any CPU.Build.0 = Debug|Any CPU
		{C41E5EBB-D74D-43A5-8281-FF3064F28ABF}.Release|Any CPU.ActiveCfg = Release|Any CPU
		{C41E5EBB-D74D-43A5-8281-FF3064F28ABF}.Release|Any CPU.Build.0 = Release|Any CPU
	EndGlobalSection
	GlobalSection(SolutionProperties) = preSolution
		HideSolutionNode = FALSE
	EndGlobalSection
	GlobalSection(NestedProjects) = preSolution
		{63279DA5-34A5-4791-BDA7-CF4CEE730EED} = {C0AF9073-447D-4CFF-8D38-08FAC4CE01D4}
		{31C44427-E1E3-4614-9A80-65151556E2E2} = {C0AF9073-447D-4CFF-8D38-08FAC4CE01D4}
		{6E12030E-606E-4949-BFAC-5A5A1F94E75E} = {C0AF9073-447D-4CFF-8D38-08FAC4CE01D4}
		{C41E5EBB-D74D-43A5-8281-FF3064F28ABF} = {998AE458-1EF8-43B6-9601-7A38B68C7521}
	EndGlobalSection
	GlobalSection(ExtensibilityGlobals) = postSolution
		SolutionGuid = {2D3ABC1D-DAB8-4020-8607-9DA76DC617CE}
	EndGlobalSection
EndGlobal
