
Microsoft Visual Studio Solution File, Format Version 12.00
# Visual Studio Version 16
VisualStudioVersion = 16.0.32228.343
MinimumVisualStudioVersion = 10.0.40219.1
Project("{2150E333-8FDC-42A3-9474-1A3956D46DE8}") = "Sample", "Sample", "{C0AF9073-447D-4CFF-8D38-08FAC4CE01D4}"
EndProject
Project("{FAE04EC0-301F-11D3-BF4B-00C04F79EFBC}") = "ConsoleApp0411", "Sample\ConsoleApp0411\ConsoleApp0411.csproj", "{63279DA5-34A5-4791-BDA7-CF4CEE730EED}"
EndProject
Project("{FAE04EC0-301F-11D3-BF4B-00C04F79EFBC}") = "WindowsFormsApp1", "Sample\WindowsFormsApp1\WindowsFormsApp1.csproj", "{31C44427-E1E3-4614-9A80-65151556E2E2}"
EndProject
Project("{FAE04EC0-301F-11D3-BF4B-00C04F79EFBC}") = "BallApp", "Sample\BallApp\BallApp.csproj", "{6E12030E-606E-4949-BFAC-5A5A1F94E75E}"
EndProject
Project("{2150E333-8FDC-42A3-9474-1A3956D46DE8}") = "Chapter01", "Chapter01", "{998AE458-1EF8-43B6-9601-7A38B68C7521}"
EndProject
Project("{FAE04EC0-301F-11D3-BF4B-00C04F79EFBC}") = "ProductSample", "Chapter01\Product\ProductSample.csproj", "{C41E5EBB-D74D-43A5-8281-FF3064F28ABF}"
EndProject
Project("{2150E333-8FDC-42A3-9474-1A3956D46DE8}") = "Chapter02", "Chapter02", "{587309DF-4AAA-4404-8157-D10C1711FBBE}"
EndProject
Project("{2150E333-8FDC-42A3-9474-1A3956D46DE8}") = "距離換算プログラム", "距離換算プログラム", "{0B133267-BD00-4B33-9A4A-514757F21BD1}"
EndProject
Project("{FAE04EC0-301F-11D3-BF4B-00C04F79EFBC}") = "DistanceConverter", "Chapter02\距離換算プログラム\DistanceConverter\DistanceConverter.csproj", "{1DBB7B9E-9CD3-4134-B8BC-471D68F443B7}"
EndProject
Project("{2150E333-8FDC-42A3-9474-1A3956D46DE8}") = "売上集計プログラム", "売上集計プログラム", "{C0EC63B5-329F-4A95-A5F1-2B2892F91652}"
EndProject
Project("{FAE04EC0-301F-11D3-BF4B-00C04F79EFBC}") = "SalesCalculator", "Chapter02\売上集計プログラム\SalesCalculator\SalesCalculator.csproj", "{46375A41-6C98-47C7-9F89-79F58FF71E00}"
EndProject
Project("{2150E333-8FDC-42A3-9474-1A3956D46DE8}") = "演習問題", "演習問題", "{42E63C81-607A-417C-9E0B-BF654D02F945}"
EndProject
Project("{FAE04EC0-301F-11D3-BF4B-00C04F79EFBC}") = "Exercise03", "Chapter02\演習問題\Exercise03\Exercise03.csproj", "{867D2FC6-21FF-49AD-839C-CD871B3EB559}"
EndProject
Project("{FAE04EC0-301F-11D3-BF4B-00C04F79EFBC}") = "Exercise01", "Chapter02\演習問題\Exercise01\Exercise01.csproj", "{3EA24ABA-A155-4C83-9158-521043FBDE7C}"
EndProject
Project("{FAE04EC0-301F-11D3-BF4B-00C04F79EFBC}") = "Exercise02", "Chapter02\演習問題\Exercise02\Exercise02.csproj", "{21CC0BD3-CB30-43A4-A488-6F85BC5DC56D}"
EndProject
Project("{2150E333-8FDC-42A3-9474-1A3956D46DE8}") = "Chapter03", "Chapter03", "{41645DD2-E63F-4AEF-9BFA-D6280D99493A}"
EndProject
Project("{FAE04EC0-301F-11D3-BF4B-00C04F79EFBC}") = "Section01", "Chapter03\Section01\Section01.csproj", "{4CB12398-2A57-4457-8610-FBA51A70778B}"
EndProject
Project("{FAE04EC0-301F-11D3-BF4B-00C04F79EFBC}") = "Section03", "Chapter03\Section03\Section03.csproj", "{C2A3340F-CC77-4124-A207-29AF6CBF3189}"
EndProject
Project("{FAE04EC0-301F-11D3-BF4B-00C04F79EFBC}") = "Section04", "Chapter03\Section04\Section04.csproj", "{871605CC-4F97-4BD1-881E-8A96DC3791B6}"
EndProject
Project("{2150E333-8FDC-42A3-9474-1A3956D46DE8}") = "演習問題", "演習問題", "{6F28FC12-2126-471E-80B7-71320D216869}"
EndProject
Project("{FAE04EC0-301F-11D3-BF4B-00C04F79EFBC}") = "Exercise01", "Chapter03\演習問題\Exercise01\Exercise01.csproj", "{DC0B6D0F-BF5C-4E06-9FAE-B636F952B473}"
EndProject
Project("{FAE04EC0-301F-11D3-BF4B-00C04F79EFBC}") = "Exercise02", "Chapter03\演習問題\Exercise02\Exercise02.csproj", "{E039B85D-324D-493D-BDD4-E2EDF2C22F93}"
EndProject
Project("{2150E333-8FDC-42A3-9474-1A3956D46DE8}") = "Chapter04", "Chapter04", "{710BC740-801E-412C-AEF3-AE62204F77B2}"
EndProject
Project("{2150E333-8FDC-42A3-9474-1A3956D46DE8}") = "条件演算子null合体演算子", "条件演算子null合体演算子", "{6D1CE4DC-F210-4350-AD04-E47ED488843F}"
EndProject
Project("{FAE04EC0-301F-11D3-BF4B-00C04F79EFBC}") = "Section04", "Chapter04\条件演算子null合体演算子\Section04\Section04.csproj", "{4309687A-4EB7-4C0F-A5AF-CB1CB951F6B0}"
EndProject
Project("{2150E333-8FDC-42A3-9474-1A3956D46DE8}") = "TryParse", "TryParse", "{880B9637-1C27-4433-B193-248C55E6A8A7}"
EndProject
Project("{FAE04EC0-301F-11D3-BF4B-00C04F79EFBC}") = "Section07", "Chapter04\TryParse\Section07\Section07.csproj", "{558D51E3-44C1-4C02-858C-94CA1622C949}"
EndProject
Project("{2150E333-8FDC-42A3-9474-1A3956D46DE8}") = "演習問題", "演習問題", "{E944952F-61C8-407B-8196-4AD94920DD64}"
EndProject
Project("{FAE04EC0-301F-11D3-BF4B-00C04F79EFBC}") = "Exercise01", "Chapter04\演習問題\Exercise01\Exercise01.csproj", "{03581C5C-B4BF-4106-B8DD-217C7C76700D}"
EndProject
Project("{FAE04EC0-301F-11D3-BF4B-00C04F79EFBC}") = "Exercise02", "Chapter04\演習問題\Exercise02\Exercise02.csproj", "{377EEFC9-5BBB-485C-B006-FF425C83F3FA}"
EndProject
Project("{2150E333-8FDC-42A3-9474-1A3956D46DE8}") = "Chapter05", "Chapter05", "{F9BA84F8-E563-486D-8518-C4EAAF2BD0F9}"
EndProject
Project("{2150E333-8FDC-42A3-9474-1A3956D46DE8}") = "演習問題", "演習問題", "{32FA14A4-E2AA-45F8-A4B2-2F60E1F534AA}"
EndProject
Project("{FAE04EC0-301F-11D3-BF4B-00C04F79EFBC}") = "Exercise01", "Chapter05\演習問題\Exercise01\Exercise01.csproj", "{0939ACAB-94DF-419E-9944-AA8A4E763ED3}"
EndProject
Project("{FAE04EC0-301F-11D3-BF4B-00C04F79EFBC}") = "Exercise02", "Chapter05\演習問題\Exercise02\Exercise02.csproj", "{50B489C0-ADB7-466F-A5F7-7E536D2EB342}"
EndProject
Project("{FAE04EC0-301F-11D3-BF4B-00C04F79EFBC}") = "Exercise03", "Chapter05\演習問題\Exercise03\Exercise03.csproj", "{860099FC-BF20-4CB4-863A-1C6453CB9B1B}"
EndProject
Project("{2150E333-8FDC-42A3-9474-1A3956D46DE8}") = "MyPage", "MyPage", "{384A9446-91D1-4CB6-9822-50AF592C9027}"
EndProject
Project("{FAE04EC0-301F-11D3-BF4B-00C04F79EFBC}") = "important", "MyPage\important\important.csproj", "{E2BD2590-4EA3-4E46-BC65-95B68DD3213C}"
EndProject
Project("{FAE04EC0-301F-11D3-BF4B-00C04F79EFBC}") = "basic", "MyPage\basic\basic.csproj", "{8826C1B9-DB9A-409F-8FAC-C73B318768BE}"
EndProject
Project("{FAE04EC0-301F-11D3-BF4B-00C04F79EFBC}") = "Exercise04", "Chapter05\演習問題\Exercise04\Exercise04.csproj", "{524D5E01-F124-4B96-B4BA-4C860BFEF95D}"
EndProject
Project("{2150E333-8FDC-42A3-9474-1A3956D46DE8}") = "Chapter06", "Chapter06", "{D1A588D4-96E8-44FA-A551-4891E25E19DA}"
EndProject
Project("{2150E333-8FDC-42A3-9474-1A3956D46DE8}") = "演習問題", "演習問題", "{79DCE8D2-4991-4203-A734-A17A3424C425}"
EndProject
Project("{FAE04EC0-301F-11D3-BF4B-00C04F79EFBC}") = "Section01", "Chapter06\Section01\Section01.csproj", "{91D8E581-A2FD-4E71-9029-E3998A1FB388}"
EndProject
Project("{FAE04EC0-301F-11D3-BF4B-00C04F79EFBC}") = "Section02", "Chapter06\Section02\Section02.csproj", "{D8225081-EDC7-4A13-A35E-EC73D716E41B}"
EndProject
Project("{FAE04EC0-301F-11D3-BF4B-00C04F79EFBC}") = "Exercise01", "Chapter06\演習問題\Exercise01\Exercise01.csproj", "{F314A3E7-3716-435C-A70A-9ABA8D418985}"
EndProject
Project("{FAE04EC0-301F-11D3-BF4B-00C04F79EFBC}") = "Exercise02", "Chapter06\演習問題\Exercise02\Exercise02.csproj", "{2B4801F7-D44C-4E31-866C-286FF6C46BD7}"
EndProject
Project("{2150E333-8FDC-42A3-9474-1A3956D46DE8}") = "試験01", "試験01", "{72AD48AC-05CC-4014-8483-B0590150A0CA}"
EndProject
Project("{FAE04EC0-301F-11D3-BF4B-00C04F79EFBC}") = "Test01", "TestProject\Test01\Test01.csproj", "{2BFACDC3-F44D-4199-8498-F5C3C4AC0335}"
EndProject
Project("{FAE04EC0-301F-11D3-BF4B-00C04F79EFBC}") = "Test02", "TestProject\Test02\Test02.csproj", "{E461C0A8-8900-485C-B520-E929BA33F712}"
EndProject
Project("{2150E333-8FDC-42A3-9474-1A3956D46DE8}") = "Chapter07", "Chapter07", "{C9450416-896A-457A-9A74-9AFE03B8672D}"
EndProject
Project("{FAE04EC0-301F-11D3-BF4B-00C04F79EFBC}") = "Section01", "Chapter07\Section01\Section01.csproj", "{439CDFB9-2E26-43FE-9B7F-A56A73DDCE12}"
EndProject
Project("{FAE04EC0-301F-11D3-BF4B-00C04F79EFBC}") = "Section02", "Chapter07\Section02\Section02.csproj", "{FF3B9D5F-4B37-4C4D-98EE-99EED9CB6212}"
EndProject
Project("{2150E333-8FDC-42A3-9474-1A3956D46DE8}") = "演習問題", "演習問題", "{5D970E94-2187-4F20-B4E0-46436820BE87}"
EndProject
Project("{FAE04EC0-301F-11D3-BF4B-00C04F79EFBC}") = "Section03", "Chapter07\Section03\Section03.csproj", "{9990B32A-6721-4B75-988E-3C420194F679}"
EndProject
Project("{FAE04EC0-301F-11D3-BF4B-00C04F79EFBC}") = "Exercise01", "Chapter07\演習問題\Exercise01\Exercise01.csproj", "{8634E5C8-21B7-473A-805E-D7C2A6FAB8CC}"
EndProject
Project("{FAE04EC0-301F-11D3-BF4B-00C04F79EFBC}") = "Exercise02", "Chapter07\演習問題\Exercise02\Exercise02.csproj", "{25978951-BCC1-40A9-A77F-A8BCB66E5331}"
EndProject
Project("{2150E333-8FDC-42A3-9474-1A3956D46DE8}") = "Chapter08", "Chapter08", "{147F37DE-1DBE-4CD0-934D-7FB50A480DF8}"
EndProject
Project("{2150E333-8FDC-42A3-9474-1A3956D46DE8}") = "演習問題", "演習問題", "{BD3231DE-8E79-4CED-9768-BFACBB05CDE6}"
EndProject
Project("{FAE04EC0-301F-11D3-BF4B-00C04F79EFBC}") = "Exercise01", "Chapter08\演習問題\Exercise01\Exercise01.csproj", "{0195C760-A533-4EB2-9B2D-D57AE8441BE2}"
EndProject
Global
	GlobalSection(SolutionConfigurationPlatforms) = preSolution
		Debug|Any CPU = Debug|Any CPU
		Release|Any CPU = Release|Any CPU
	EndGlobalSection
	GlobalSection(ProjectConfigurationPlatforms) = postSolution
		{63279DA5-34A5-4791-BDA7-CF4CEE730EED}.Debug|Any CPU.ActiveCfg = Debug|Any CPU
		{63279DA5-34A5-4791-BDA7-CF4CEE730EED}.Debug|Any CPU.Build.0 = Debug|Any CPU
		{63279DA5-34A5-4791-BDA7-CF4CEE730EED}.Release|Any CPU.ActiveCfg = Release|Any CPU
		{63279DA5-34A5-4791-BDA7-CF4CEE730EED}.Release|Any CPU.Build.0 = Release|Any CPU
		{31C44427-E1E3-4614-9A80-65151556E2E2}.Debug|Any CPU.ActiveCfg = Debug|Any CPU
		{31C44427-E1E3-4614-9A80-65151556E2E2}.Debug|Any CPU.Build.0 = Debug|Any CPU
		{31C44427-E1E3-4614-9A80-65151556E2E2}.Release|Any CPU.ActiveCfg = Release|Any CPU
		{31C44427-E1E3-4614-9A80-65151556E2E2}.Release|Any CPU.Build.0 = Release|Any CPU
		{6E12030E-606E-4949-BFAC-5A5A1F94E75E}.Debug|Any CPU.ActiveCfg = Debug|Any CPU
		{6E12030E-606E-4949-BFAC-5A5A1F94E75E}.Debug|Any CPU.Build.0 = Debug|Any CPU
		{6E12030E-606E-4949-BFAC-5A5A1F94E75E}.Release|Any CPU.ActiveCfg = Release|Any CPU
		{6E12030E-606E-4949-BFAC-5A5A1F94E75E}.Release|Any CPU.Build.0 = Release|Any CPU
		{C41E5EBB-D74D-43A5-8281-FF3064F28ABF}.Debug|Any CPU.ActiveCfg = Debug|Any CPU
		{C41E5EBB-D74D-43A5-8281-FF3064F28ABF}.Debug|Any CPU.Build.0 = Debug|Any CPU
		{C41E5EBB-D74D-43A5-8281-FF3064F28ABF}.Release|Any CPU.ActiveCfg = Release|Any CPU
		{C41E5EBB-D74D-43A5-8281-FF3064F28ABF}.Release|Any CPU.Build.0 = Release|Any CPU
		{1DBB7B9E-9CD3-4134-B8BC-471D68F443B7}.Debug|Any CPU.ActiveCfg = Debug|Any CPU
		{1DBB7B9E-9CD3-4134-B8BC-471D68F443B7}.Debug|Any CPU.Build.0 = Debug|Any CPU
		{1DBB7B9E-9CD3-4134-B8BC-471D68F443B7}.Release|Any CPU.ActiveCfg = Release|Any CPU
		{1DBB7B9E-9CD3-4134-B8BC-471D68F443B7}.Release|Any CPU.Build.0 = Release|Any CPU
		{46375A41-6C98-47C7-9F89-79F58FF71E00}.Debug|Any CPU.ActiveCfg = Debug|Any CPU
		{46375A41-6C98-47C7-9F89-79F58FF71E00}.Debug|Any CPU.Build.0 = Debug|Any CPU
		{46375A41-6C98-47C7-9F89-79F58FF71E00}.Release|Any CPU.ActiveCfg = Release|Any CPU
		{46375A41-6C98-47C7-9F89-79F58FF71E00}.Release|Any CPU.Build.0 = Release|Any CPU
		{867D2FC6-21FF-49AD-839C-CD871B3EB559}.Debug|Any CPU.ActiveCfg = Debug|Any CPU
		{867D2FC6-21FF-49AD-839C-CD871B3EB559}.Debug|Any CPU.Build.0 = Debug|Any CPU
		{867D2FC6-21FF-49AD-839C-CD871B3EB559}.Release|Any CPU.ActiveCfg = Release|Any CPU
		{867D2FC6-21FF-49AD-839C-CD871B3EB559}.Release|Any CPU.Build.0 = Release|Any CPU
		{3EA24ABA-A155-4C83-9158-521043FBDE7C}.Debug|Any CPU.ActiveCfg = Debug|Any CPU
		{3EA24ABA-A155-4C83-9158-521043FBDE7C}.Debug|Any CPU.Build.0 = Debug|Any CPU
		{3EA24ABA-A155-4C83-9158-521043FBDE7C}.Release|Any CPU.ActiveCfg = Release|Any CPU
		{3EA24ABA-A155-4C83-9158-521043FBDE7C}.Release|Any CPU.Build.0 = Release|Any CPU
		{21CC0BD3-CB30-43A4-A488-6F85BC5DC56D}.Debug|Any CPU.ActiveCfg = Debug|Any CPU
		{21CC0BD3-CB30-43A4-A488-6F85BC5DC56D}.Debug|Any CPU.Build.0 = Debug|Any CPU
		{21CC0BD3-CB30-43A4-A488-6F85BC5DC56D}.Release|Any CPU.ActiveCfg = Release|Any CPU
		{21CC0BD3-CB30-43A4-A488-6F85BC5DC56D}.Release|Any CPU.Build.0 = Release|Any CPU
		{4CB12398-2A57-4457-8610-FBA51A70778B}.Debug|Any CPU.ActiveCfg = Debug|Any CPU
		{4CB12398-2A57-4457-8610-FBA51A70778B}.Debug|Any CPU.Build.0 = Debug|Any CPU
		{4CB12398-2A57-4457-8610-FBA51A70778B}.Release|Any CPU.ActiveCfg = Release|Any CPU
		{4CB12398-2A57-4457-8610-FBA51A70778B}.Release|Any CPU.Build.0 = Release|Any CPU
		{C2A3340F-CC77-4124-A207-29AF6CBF3189}.Debug|Any CPU.ActiveCfg = Debug|Any CPU
		{C2A3340F-CC77-4124-A207-29AF6CBF3189}.Debug|Any CPU.Build.0 = Debug|Any CPU
		{C2A3340F-CC77-4124-A207-29AF6CBF3189}.Release|Any CPU.ActiveCfg = Release|Any CPU
		{C2A3340F-CC77-4124-A207-29AF6CBF3189}.Release|Any CPU.Build.0 = Release|Any CPU
		{871605CC-4F97-4BD1-881E-8A96DC3791B6}.Debug|Any CPU.ActiveCfg = Debug|Any CPU
		{871605CC-4F97-4BD1-881E-8A96DC3791B6}.Debug|Any CPU.Build.0 = Debug|Any CPU
		{871605CC-4F97-4BD1-881E-8A96DC3791B6}.Release|Any CPU.ActiveCfg = Release|Any CPU
		{871605CC-4F97-4BD1-881E-8A96DC3791B6}.Release|Any CPU.Build.0 = Release|Any CPU
		{DC0B6D0F-BF5C-4E06-9FAE-B636F952B473}.Debug|Any CPU.ActiveCfg = Debug|Any CPU
		{DC0B6D0F-BF5C-4E06-9FAE-B636F952B473}.Debug|Any CPU.Build.0 = Debug|Any CPU
		{DC0B6D0F-BF5C-4E06-9FAE-B636F952B473}.Release|Any CPU.ActiveCfg = Release|Any CPU
		{DC0B6D0F-BF5C-4E06-9FAE-B636F952B473}.Release|Any CPU.Build.0 = Release|Any CPU
		{E039B85D-324D-493D-BDD4-E2EDF2C22F93}.Debug|Any CPU.ActiveCfg = Debug|Any CPU
		{E039B85D-324D-493D-BDD4-E2EDF2C22F93}.Debug|Any CPU.Build.0 = Debug|Any CPU
		{E039B85D-324D-493D-BDD4-E2EDF2C22F93}.Release|Any CPU.ActiveCfg = Release|Any CPU
		{E039B85D-324D-493D-BDD4-E2EDF2C22F93}.Release|Any CPU.Build.0 = Release|Any CPU
		{4309687A-4EB7-4C0F-A5AF-CB1CB951F6B0}.Debug|Any CPU.ActiveCfg = Debug|Any CPU
		{4309687A-4EB7-4C0F-A5AF-CB1CB951F6B0}.Debug|Any CPU.Build.0 = Debug|Any CPU
		{4309687A-4EB7-4C0F-A5AF-CB1CB951F6B0}.Release|Any CPU.ActiveCfg = Release|Any CPU
		{4309687A-4EB7-4C0F-A5AF-CB1CB951F6B0}.Release|Any CPU.Build.0 = Release|Any CPU
		{558D51E3-44C1-4C02-858C-94CA1622C949}.Debug|Any CPU.ActiveCfg = Debug|Any CPU
		{558D51E3-44C1-4C02-858C-94CA1622C949}.Debug|Any CPU.Build.0 = Debug|Any CPU
		{558D51E3-44C1-4C02-858C-94CA1622C949}.Release|Any CPU.ActiveCfg = Release|Any CPU
		{558D51E3-44C1-4C02-858C-94CA1622C949}.Release|Any CPU.Build.0 = Release|Any CPU
		{03581C5C-B4BF-4106-B8DD-217C7C76700D}.Debug|Any CPU.ActiveCfg = Debug|Any CPU
		{03581C5C-B4BF-4106-B8DD-217C7C76700D}.Debug|Any CPU.Build.0 = Debug|Any CPU
		{03581C5C-B4BF-4106-B8DD-217C7C76700D}.Release|Any CPU.ActiveCfg = Release|Any CPU
		{03581C5C-B4BF-4106-B8DD-217C7C76700D}.Release|Any CPU.Build.0 = Release|Any CPU
		{377EEFC9-5BBB-485C-B006-FF425C83F3FA}.Debug|Any CPU.ActiveCfg = Debug|Any CPU
		{377EEFC9-5BBB-485C-B006-FF425C83F3FA}.Debug|Any CPU.Build.0 = Debug|Any CPU
		{377EEFC9-5BBB-485C-B006-FF425C83F3FA}.Release|Any CPU.ActiveCfg = Release|Any CPU
		{377EEFC9-5BBB-485C-B006-FF425C83F3FA}.Release|Any CPU.Build.0 = Release|Any CPU
		{0939ACAB-94DF-419E-9944-AA8A4E763ED3}.Debug|Any CPU.ActiveCfg = Debug|Any CPU
		{0939ACAB-94DF-419E-9944-AA8A4E763ED3}.Debug|Any CPU.Build.0 = Debug|Any CPU
		{0939ACAB-94DF-419E-9944-AA8A4E763ED3}.Release|Any CPU.ActiveCfg = Release|Any CPU
		{0939ACAB-94DF-419E-9944-AA8A4E763ED3}.Release|Any CPU.Build.0 = Release|Any CPU
		{50B489C0-ADB7-466F-A5F7-7E536D2EB342}.Debug|Any CPU.ActiveCfg = Debug|Any CPU
		{50B489C0-ADB7-466F-A5F7-7E536D2EB342}.Debug|Any CPU.Build.0 = Debug|Any CPU
		{50B489C0-ADB7-466F-A5F7-7E536D2EB342}.Release|Any CPU.ActiveCfg = Release|Any CPU
		{50B489C0-ADB7-466F-A5F7-7E536D2EB342}.Release|Any CPU.Build.0 = Release|Any CPU
		{860099FC-BF20-4CB4-863A-1C6453CB9B1B}.Debug|Any CPU.ActiveCfg = Debug|Any CPU
		{860099FC-BF20-4CB4-863A-1C6453CB9B1B}.Debug|Any CPU.Build.0 = Debug|Any CPU
		{860099FC-BF20-4CB4-863A-1C6453CB9B1B}.Release|Any CPU.ActiveCfg = Release|Any CPU
		{860099FC-BF20-4CB4-863A-1C6453CB9B1B}.Release|Any CPU.Build.0 = Release|Any CPU
		{E2BD2590-4EA3-4E46-BC65-95B68DD3213C}.Debug|Any CPU.ActiveCfg = Debug|Any CPU
		{E2BD2590-4EA3-4E46-BC65-95B68DD3213C}.Debug|Any CPU.Build.0 = Debug|Any CPU
		{E2BD2590-4EA3-4E46-BC65-95B68DD3213C}.Release|Any CPU.ActiveCfg = Release|Any CPU
		{E2BD2590-4EA3-4E46-BC65-95B68DD3213C}.Release|Any CPU.Build.0 = Release|Any CPU
		{8826C1B9-DB9A-409F-8FAC-C73B318768BE}.Debug|Any CPU.ActiveCfg = Debug|Any CPU
		{8826C1B9-DB9A-409F-8FAC-C73B318768BE}.Debug|Any CPU.Build.0 = Debug|Any CPU
		{8826C1B9-DB9A-409F-8FAC-C73B318768BE}.Release|Any CPU.ActiveCfg = Release|Any CPU
		{8826C1B9-DB9A-409F-8FAC-C73B318768BE}.Release|Any CPU.Build.0 = Release|Any CPU
		{524D5E01-F124-4B96-B4BA-4C860BFEF95D}.Debug|Any CPU.ActiveCfg = Debug|Any CPU
		{524D5E01-F124-4B96-B4BA-4C860BFEF95D}.Debug|Any CPU.Build.0 = Debug|Any CPU
		{524D5E01-F124-4B96-B4BA-4C860BFEF95D}.Release|Any CPU.ActiveCfg = Release|Any CPU
		{524D5E01-F124-4B96-B4BA-4C860BFEF95D}.Release|Any CPU.Build.0 = Release|Any CPU
		{91D8E581-A2FD-4E71-9029-E3998A1FB388}.Debug|Any CPU.ActiveCfg = Debug|Any CPU
		{91D8E581-A2FD-4E71-9029-E3998A1FB388}.Debug|Any CPU.Build.0 = Debug|Any CPU
		{91D8E581-A2FD-4E71-9029-E3998A1FB388}.Release|Any CPU.ActiveCfg = Release|Any CPU
		{91D8E581-A2FD-4E71-9029-E3998A1FB388}.Release|Any CPU.Build.0 = Release|Any CPU
		{D8225081-EDC7-4A13-A35E-EC73D716E41B}.Debug|Any CPU.ActiveCfg = Debug|Any CPU
		{D8225081-EDC7-4A13-A35E-EC73D716E41B}.Debug|Any CPU.Build.0 = Debug|Any CPU
		{D8225081-EDC7-4A13-A35E-EC73D716E41B}.Release|Any CPU.ActiveCfg = Release|Any CPU
		{D8225081-EDC7-4A13-A35E-EC73D716E41B}.Release|Any CPU.Build.0 = Release|Any CPU
		{F314A3E7-3716-435C-A70A-9ABA8D418985}.Debug|Any CPU.ActiveCfg = Debug|Any CPU
		{F314A3E7-3716-435C-A70A-9ABA8D418985}.Debug|Any CPU.Build.0 = Debug|Any CPU
		{F314A3E7-3716-435C-A70A-9ABA8D418985}.Release|Any CPU.ActiveCfg = Release|Any CPU
		{F314A3E7-3716-435C-A70A-9ABA8D418985}.Release|Any CPU.Build.0 = Release|Any CPU
		{2B4801F7-D44C-4E31-866C-286FF6C46BD7}.Debug|Any CPU.ActiveCfg = Debug|Any CPU
		{2B4801F7-D44C-4E31-866C-286FF6C46BD7}.Debug|Any CPU.Build.0 = Debug|Any CPU
		{2B4801F7-D44C-4E31-866C-286FF6C46BD7}.Release|Any CPU.ActiveCfg = Release|Any CPU
		{2B4801F7-D44C-4E31-866C-286FF6C46BD7}.Release|Any CPU.Build.0 = Release|Any CPU
		{2BFACDC3-F44D-4199-8498-F5C3C4AC0335}.Debug|Any CPU.ActiveCfg = Debug|Any CPU
		{2BFACDC3-F44D-4199-8498-F5C3C4AC0335}.Debug|Any CPU.Build.0 = Debug|Any CPU
		{2BFACDC3-F44D-4199-8498-F5C3C4AC0335}.Release|Any CPU.ActiveCfg = Release|Any CPU
		{2BFACDC3-F44D-4199-8498-F5C3C4AC0335}.Release|Any CPU.Build.0 = Release|Any CPU
		{E461C0A8-8900-485C-B520-E929BA33F712}.Debug|Any CPU.ActiveCfg = Debug|Any CPU
		{E461C0A8-8900-485C-B520-E929BA33F712}.Debug|Any CPU.Build.0 = Debug|Any CPU
		{E461C0A8-8900-485C-B520-E929BA33F712}.Release|Any CPU.ActiveCfg = Release|Any CPU
		{E461C0A8-8900-485C-B520-E929BA33F712}.Release|Any CPU.Build.0 = Release|Any CPU
		{439CDFB9-2E26-43FE-9B7F-A56A73DDCE12}.Debug|Any CPU.ActiveCfg = Debug|Any CPU
		{439CDFB9-2E26-43FE-9B7F-A56A73DDCE12}.Debug|Any CPU.Build.0 = Debug|Any CPU
		{439CDFB9-2E26-43FE-9B7F-A56A73DDCE12}.Release|Any CPU.ActiveCfg = Release|Any CPU
		{439CDFB9-2E26-43FE-9B7F-A56A73DDCE12}.Release|Any CPU.Build.0 = Release|Any CPU
		{FF3B9D5F-4B37-4C4D-98EE-99EED9CB6212}.Debug|Any CPU.ActiveCfg = Debug|Any CPU
		{FF3B9D5F-4B37-4C4D-98EE-99EED9CB6212}.Debug|Any CPU.Build.0 = Debug|Any CPU
		{FF3B9D5F-4B37-4C4D-98EE-99EED9CB6212}.Release|Any CPU.ActiveCfg = Release|Any CPU
		{FF3B9D5F-4B37-4C4D-98EE-99EED9CB6212}.Release|Any CPU.Build.0 = Release|Any CPU
		{9990B32A-6721-4B75-988E-3C420194F679}.Debug|Any CPU.ActiveCfg = Debug|Any CPU
		{9990B32A-6721-4B75-988E-3C420194F679}.Debug|Any CPU.Build.0 = Debug|Any CPU
		{9990B32A-6721-4B75-988E-3C420194F679}.Release|Any CPU.ActiveCfg = Release|Any CPU
		{9990B32A-6721-4B75-988E-3C420194F679}.Release|Any CPU.Build.0 = Release|Any CPU
		{8634E5C8-21B7-473A-805E-D7C2A6FAB8CC}.Debug|Any CPU.ActiveCfg = Debug|Any CPU
		{8634E5C8-21B7-473A-805E-D7C2A6FAB8CC}.Debug|Any CPU.Build.0 = Debug|Any CPU
		{8634E5C8-21B7-473A-805E-D7C2A6FAB8CC}.Release|Any CPU.ActiveCfg = Release|Any CPU
		{8634E5C8-21B7-473A-805E-D7C2A6FAB8CC}.Release|Any CPU.Build.0 = Release|Any CPU
		{25978951-BCC1-40A9-A77F-A8BCB66E5331}.Debug|Any CPU.ActiveCfg = Debug|Any CPU
		{25978951-BCC1-40A9-A77F-A8BCB66E5331}.Debug|Any CPU.Build.0 = Debug|Any CPU
		{25978951-BCC1-40A9-A77F-A8BCB66E5331}.Release|Any CPU.ActiveCfg = Release|Any CPU
		{25978951-BCC1-40A9-A77F-A8BCB66E5331}.Release|Any CPU.Build.0 = Release|Any CPU
		{0195C760-A533-4EB2-9B2D-D57AE8441BE2}.Debug|Any CPU.ActiveCfg = Debug|Any CPU
		{0195C760-A533-4EB2-9B2D-D57AE8441BE2}.Debug|Any CPU.Build.0 = Debug|Any CPU
		{0195C760-A533-4EB2-9B2D-D57AE8441BE2}.Release|Any CPU.ActiveCfg = Release|Any CPU
		{0195C760-A533-4EB2-9B2D-D57AE8441BE2}.Release|Any CPU.Build.0 = Release|Any CPU
	EndGlobalSection
	GlobalSection(SolutionProperties) = preSolution
		HideSolutionNode = FALSE
	EndGlobalSection
	GlobalSection(NestedProjects) = preSolution
		{63279DA5-34A5-4791-BDA7-CF4CEE730EED} = {C0AF9073-447D-4CFF-8D38-08FAC4CE01D4}
		{31C44427-E1E3-4614-9A80-65151556E2E2} = {C0AF9073-447D-4CFF-8D38-08FAC4CE01D4}
		{6E12030E-606E-4949-BFAC-5A5A1F94E75E} = {C0AF9073-447D-4CFF-8D38-08FAC4CE01D4}
		{C41E5EBB-D74D-43A5-8281-FF3064F28ABF} = {998AE458-1EF8-43B6-9601-7A38B68C7521}
		{0B133267-BD00-4B33-9A4A-514757F21BD1} = {587309DF-4AAA-4404-8157-D10C1711FBBE}
		{1DBB7B9E-9CD3-4134-B8BC-471D68F443B7} = {0B133267-BD00-4B33-9A4A-514757F21BD1}
		{C0EC63B5-329F-4A95-A5F1-2B2892F91652} = {587309DF-4AAA-4404-8157-D10C1711FBBE}
		{46375A41-6C98-47C7-9F89-79F58FF71E00} = {C0EC63B5-329F-4A95-A5F1-2B2892F91652}
		{42E63C81-607A-417C-9E0B-BF654D02F945} = {587309DF-4AAA-4404-8157-D10C1711FBBE}
		{867D2FC6-21FF-49AD-839C-CD871B3EB559} = {42E63C81-607A-417C-9E0B-BF654D02F945}
		{3EA24ABA-A155-4C83-9158-521043FBDE7C} = {42E63C81-607A-417C-9E0B-BF654D02F945}
		{21CC0BD3-CB30-43A4-A488-6F85BC5DC56D} = {42E63C81-607A-417C-9E0B-BF654D02F945}
		{4CB12398-2A57-4457-8610-FBA51A70778B} = {41645DD2-E63F-4AEF-9BFA-D6280D99493A}
		{C2A3340F-CC77-4124-A207-29AF6CBF3189} = {41645DD2-E63F-4AEF-9BFA-D6280D99493A}
		{871605CC-4F97-4BD1-881E-8A96DC3791B6} = {41645DD2-E63F-4AEF-9BFA-D6280D99493A}
		{6F28FC12-2126-471E-80B7-71320D216869} = {41645DD2-E63F-4AEF-9BFA-D6280D99493A}
		{DC0B6D0F-BF5C-4E06-9FAE-B636F952B473} = {6F28FC12-2126-471E-80B7-71320D216869}
		{E039B85D-324D-493D-BDD4-E2EDF2C22F93} = {6F28FC12-2126-471E-80B7-71320D216869}
		{6D1CE4DC-F210-4350-AD04-E47ED488843F} = {710BC740-801E-412C-AEF3-AE62204F77B2}
		{4309687A-4EB7-4C0F-A5AF-CB1CB951F6B0} = {6D1CE4DC-F210-4350-AD04-E47ED488843F}
		{880B9637-1C27-4433-B193-248C55E6A8A7} = {710BC740-801E-412C-AEF3-AE62204F77B2}
		{558D51E3-44C1-4C02-858C-94CA1622C949} = {880B9637-1C27-4433-B193-248C55E6A8A7}
		{E944952F-61C8-407B-8196-4AD94920DD64} = {710BC740-801E-412C-AEF3-AE62204F77B2}
		{03581C5C-B4BF-4106-B8DD-217C7C76700D} = {E944952F-61C8-407B-8196-4AD94920DD64}
		{377EEFC9-5BBB-485C-B006-FF425C83F3FA} = {E944952F-61C8-407B-8196-4AD94920DD64}
		{32FA14A4-E2AA-45F8-A4B2-2F60E1F534AA} = {F9BA84F8-E563-486D-8518-C4EAAF2BD0F9}
		{0939ACAB-94DF-419E-9944-AA8A4E763ED3} = {32FA14A4-E2AA-45F8-A4B2-2F60E1F534AA}
		{50B489C0-ADB7-466F-A5F7-7E536D2EB342} = {32FA14A4-E2AA-45F8-A4B2-2F60E1F534AA}
		{860099FC-BF20-4CB4-863A-1C6453CB9B1B} = {32FA14A4-E2AA-45F8-A4B2-2F60E1F534AA}
		{E2BD2590-4EA3-4E46-BC65-95B68DD3213C} = {384A9446-91D1-4CB6-9822-50AF592C9027}
		{8826C1B9-DB9A-409F-8FAC-C73B318768BE} = {384A9446-91D1-4CB6-9822-50AF592C9027}
		{524D5E01-F124-4B96-B4BA-4C860BFEF95D} = {32FA14A4-E2AA-45F8-A4B2-2F60E1F534AA}
		{79DCE8D2-4991-4203-A734-A17A3424C425} = {D1A588D4-96E8-44FA-A551-4891E25E19DA}
		{91D8E581-A2FD-4E71-9029-E3998A1FB388} = {D1A588D4-96E8-44FA-A551-4891E25E19DA}
		{D8225081-EDC7-4A13-A35E-EC73D716E41B} = {D1A588D4-96E8-44FA-A551-4891E25E19DA}
		{F314A3E7-3716-435C-A70A-9ABA8D418985} = {79DCE8D2-4991-4203-A734-A17A3424C425}
		{2B4801F7-D44C-4E31-866C-286FF6C46BD7} = {79DCE8D2-4991-4203-A734-A17A3424C425}
		{2BFACDC3-F44D-4199-8498-F5C3C4AC0335} = {72AD48AC-05CC-4014-8483-B0590150A0CA}
		{E461C0A8-8900-485C-B520-E929BA33F712} = {72AD48AC-05CC-4014-8483-B0590150A0CA}
		{439CDFB9-2E26-43FE-9B7F-A56A73DDCE12} = {C9450416-896A-457A-9A74-9AFE03B8672D}
		{FF3B9D5F-4B37-4C4D-98EE-99EED9CB6212} = {C9450416-896A-457A-9A74-9AFE03B8672D}
		{5D970E94-2187-4F20-B4E0-46436820BE87} = {C9450416-896A-457A-9A74-9AFE03B8672D}
		{9990B32A-6721-4B75-988E-3C420194F679} = {C9450416-896A-457A-9A74-9AFE03B8672D}
		{8634E5C8-21B7-473A-805E-D7C2A6FAB8CC} = {5D970E94-2187-4F20-B4E0-46436820BE87}
		{25978951-BCC1-40A9-A77F-A8BCB66E5331} = {5D970E94-2187-4F20-B4E0-46436820BE87}
		{BD3231DE-8E79-4CED-9768-BFACBB05CDE6} = {147F37DE-1DBE-4CD0-934D-7FB50A480DF8}
		{0195C760-A533-4EB2-9B2D-D57AE8441BE2} = {BD3231DE-8E79-4CED-9768-BFACBB05CDE6}
	EndGlobalSection
	GlobalSection(ExtensibilityGlobals) = postSolution
		SolutionGuid = {2D3ABC1D-DAB8-4020-8607-9DA76DC617CE}
	EndGlobalSection
EndGlobal
